
Microsoft Visual Studio Solution File, Format Version 12.00
# Visual Studio Version 17
VisualStudioVersion = 17.8.34525.116
MinimumVisualStudioVersion = 10.0.40219.1
Project("{FAE04EC0-301F-11D3-BF4B-00C04F79EFBC}") = "Tours.API", "Tours.API\Tours.API.csproj", "{850EC9D0-5C9F-468C-8D3F-28DB879349D6}"
	ProjectSection(ProjectDependencies) = postProject
		{21E2AB52-3CC7-4265-B04C-63C76596FF69} = {21E2AB52-3CC7-4265-B04C-63C76596FF69}
		{C8E5D046-CF85-4DBD-BAB7-C27019918171} = {C8E5D046-CF85-4DBD-BAB7-C27019918171}
		{F94E9C7A-78D9-45A5-83E2-2859BFB0B1C0} = {F94E9C7A-78D9-45A5-83E2-2859BFB0B1C0}
	EndProjectSection
EndProject
Project("{FAE04EC0-301F-11D3-BF4B-00C04F79EFBC}") = "Tours.Domain", "Tours.Domain\Tours.Domain.csproj", "{F94E9C7A-78D9-45A5-83E2-2859BFB0B1C0}"
EndProject
Project("{FAE04EC0-301F-11D3-BF4B-00C04F79EFBC}") = "Tours.Service", "Tours.Service\Tours.Service.csproj", "{21E2AB52-3CC7-4265-B04C-63C76596FF69}"
	ProjectSection(ProjectDependencies) = postProject
		{C8E5D046-CF85-4DBD-BAB7-C27019918171} = {C8E5D046-CF85-4DBD-BAB7-C27019918171}
		{F94E9C7A-78D9-45A5-83E2-2859BFB0B1C0} = {F94E9C7A-78D9-45A5-83E2-2859BFB0B1C0}
	EndProjectSection
EndProject
Project("{FAE04EC0-301F-11D3-BF4B-00C04F79EFBC}") = "Tours.Infrastructure", "Tours.Infrastructure\Tours.Infrastructure.csproj", "{C8E5D046-CF85-4DBD-BAB7-C27019918171}"
	ProjectSection(ProjectDependencies) = postProject
		{F94E9C7A-78D9-45A5-83E2-2859BFB0B1C0} = {F94E9C7A-78D9-45A5-83E2-2859BFB0B1C0}
	EndProjectSection
EndProject
Global
	GlobalSection(SolutionConfigurationPlatforms) = preSolution
		Debug|Any CPU = Debug|Any CPU
		Release|Any CPU = Release|Any CPU
	EndGlobalSection
	GlobalSection(ProjectConfigurationPlatforms) = postSolution
		{850EC9D0-5C9F-468C-8D3F-28DB879349D6}.Debug|Any CPU.ActiveCfg = Debug|Any CPU
		{850EC9D0-5C9F-468C-8D3F-28DB879349D6}.Debug|Any CPU.Build.0 = Debug|Any CPU
		{850EC9D0-5C9F-468C-8D3F-28DB879349D6}.Release|Any CPU.ActiveCfg = Release|Any CPU
		{850EC9D0-5C9F-468C-8D3F-28DB879349D6}.Release|Any CPU.Build.0 = Release|Any CPU
		{F94E9C7A-78D9-45A5-83E2-2859BFB0B1C0}.Debug|Any CPU.ActiveCfg = Debug|Any CPU
		{F94E9C7A-78D9-45A5-83E2-2859BFB0B1C0}.Debug|Any CPU.Build.0 = Debug|Any CPU
		{F94E9C7A-78D9-45A5-83E2-2859BFB0B1C0}.Release|Any CPU.ActiveCfg = Release|Any CPU
		{F94E9C7A-78D9-45A5-83E2-2859BFB0B1C0}.Release|Any CPU.Build.0 = Release|Any CPU
		{21E2AB52-3CC7-4265-B04C-63C76596FF69}.Debug|Any CPU.ActiveCfg = Debug|Any CPU
		{21E2AB52-3CC7-4265-B04C-63C76596FF69}.Debug|Any CPU.Build.0 = Debug|Any CPU
		{21E2AB52-3CC7-4265-B04C-63C76596FF69}.Release|Any CPU.ActiveCfg = Release|Any CPU
		{21E2AB52-3CC7-4265-B04C-63C76596FF69}.Release|Any CPU.Build.0 = Release|Any CPU
		{C8E5D046-CF85-4DBD-BAB7-C27019918171}.Debug|Any CPU.ActiveCfg = Debug|Any CPU
		{C8E5D046-CF85-4DBD-BAB7-C27019918171}.Debug|Any CPU.Build.0 = Debug|Any CPU
		{C8E5D046-CF85-4DBD-BAB7-C27019918171}.Release|Any CPU.ActiveCfg = Release|Any CPU
		{C8E5D046-CF85-4DBD-BAB7-C27019918171}.Release|Any CPU.Build.0 = Release|Any CPU
	EndGlobalSection
	GlobalSection(SolutionProperties) = preSolution
		HideSolutionNode = FALSE
	EndGlobalSection
	GlobalSection(ExtensibilityGlobals) = postSolution
		SolutionGuid = {DD5B7BD8-C0B4-4E5F-9420-3E95222DEF15}
	EndGlobalSection
EndGlobal
